
Microsoft Visual Studio Solution File, Format Version 12.00
# Visual Studio Version 17
VisualStudioVersion = 17.10.35027.167
MinimumVisualStudioVersion = 10.0.40219.1
Project("{888888A0-9F3D-457C-B088-3A5042F75D52}") = "Recommendation_API", "Recommendation_API.pyproj", "{CDD3E7EE-EE84-4004-9797-D42FA21B9897}"
EndProject
Global
	GlobalSection(SolutionConfigurationPlatforms) = preSolution
		Debug|Any CPU = Debug|Any CPU
		Release|Any CPU = Release|Any CPU
	EndGlobalSection
	GlobalSection(ProjectConfigurationPlatforms) = postSolution
		{CDD3E7EE-EE84-4004-9797-D42FA21B9897}.Debug|Any CPU.ActiveCfg = Debug|Any CPU
		{CDD3E7EE-EE84-4004-9797-D42FA21B9897}.Debug|Any CPU.Build.0 = Debug|Any CPU
		{CDD3E7EE-EE84-4004-9797-D42FA21B9897}.Release|Any CPU.ActiveCfg = Release|Any CPU
		{CDD3E7EE-EE84-4004-9797-D42FA21B9897}.Release|Any CPU.Build.0 = Release|Any CPU
	EndGlobalSection
	GlobalSection(SolutionProperties) = preSolution
		HideSolutionNode = FALSE
	EndGlobalSection
	GlobalSection(ExtensibilityGlobals) = postSolution
		SolutionGuid = {C64B9AA6-4168-4B3E-9C2E-2632E2A7794A}
	EndGlobalSection
EndGlobal
